
Microsoft Visual Studio Solution File, Format Version 12.00
Project("{FAE04EC0-301F-11D3-BF4B-00C04F79EFBC}") = "C Sharp Exercices", "C Sharp Exercices\C Sharp Exercices.csproj", "{1921E3B7-6C84-4817-8E9E-C48417B9B746}"
EndProject
Project("{FAE04EC0-301F-11D3-BF4B-00C04F79EFBC}") = "ASP.NET Exercice", "ASP.NET Exercice\ASP.NET Exercice.csproj", "{0AF330ED-6804-4A3B-A375-0D03B37B4B49}"
EndProject
Project("{FAE04EC0-301F-11D3-BF4B-00C04F79EFBC}") = "Design Pattern Exercices", "Design Pattern Exercices\Design Pattern Exercices.csproj", "{7525DB39-BB48-4CA2-9390-2F289334CE04}"
EndProject
Project("{2150E333-8FDC-42A3-9474-1A3956D46DE8}") = "RepositoryPattern", "RepositoryPattern", "{41EE37DE-77BB-4DF6-89F7-DB6F7632C305}"
EndProject
Project("{FAE04EC0-301F-11D3-BF4B-00C04F79EFBC}") = "WebApi", "WebApi\WebApi.csproj", "{FFE1CC15-A964-420E-8138-AA6D5DA55DCD}"
EndProject
Project("{FAE04EC0-301F-11D3-BF4B-00C04F79EFBC}") = "DataAccess", "DataAccess\DataAccess.csproj", "{CBB50486-656E-4506-93F2-4F1B45D29FDD}"
EndProject
Project("{FAE04EC0-301F-11D3-BF4B-00C04F79EFBC}") = "Domain", "Domain\Domain.csproj", "{D4663E61-DAAF-44CA-BC4B-2DB06D6BDDBF}"
EndProject
Global
	GlobalSection(SolutionConfigurationPlatforms) = preSolution
		Debug|Any CPU = Debug|Any CPU
		Release|Any CPU = Release|Any CPU
	EndGlobalSection
	GlobalSection(ProjectConfigurationPlatforms) = postSolution
		{1921E3B7-6C84-4817-8E9E-C48417B9B746}.Debug|Any CPU.ActiveCfg = Debug|Any CPU
		{1921E3B7-6C84-4817-8E9E-C48417B9B746}.Debug|Any CPU.Build.0 = Debug|Any CPU
		{1921E3B7-6C84-4817-8E9E-C48417B9B746}.Release|Any CPU.ActiveCfg = Release|Any CPU
		{1921E3B7-6C84-4817-8E9E-C48417B9B746}.Release|Any CPU.Build.0 = Release|Any CPU
		{0AF330ED-6804-4A3B-A375-0D03B37B4B49}.Debug|Any CPU.ActiveCfg = Debug|Any CPU
		{0AF330ED-6804-4A3B-A375-0D03B37B4B49}.Debug|Any CPU.Build.0 = Debug|Any CPU
		{0AF330ED-6804-4A3B-A375-0D03B37B4B49}.Release|Any CPU.ActiveCfg = Release|Any CPU
		{0AF330ED-6804-4A3B-A375-0D03B37B4B49}.Release|Any CPU.Build.0 = Release|Any CPU
		{7525DB39-BB48-4CA2-9390-2F289334CE04}.Debug|Any CPU.ActiveCfg = Debug|Any CPU
		{7525DB39-BB48-4CA2-9390-2F289334CE04}.Debug|Any CPU.Build.0 = Debug|Any CPU
		{7525DB39-BB48-4CA2-9390-2F289334CE04}.Release|Any CPU.ActiveCfg = Release|Any CPU
		{7525DB39-BB48-4CA2-9390-2F289334CE04}.Release|Any CPU.Build.0 = Release|Any CPU
		{FFE1CC15-A964-420E-8138-AA6D5DA55DCD}.Debug|Any CPU.ActiveCfg = Debug|Any CPU
		{FFE1CC15-A964-420E-8138-AA6D5DA55DCD}.Debug|Any CPU.Build.0 = Debug|Any CPU
		{FFE1CC15-A964-420E-8138-AA6D5DA55DCD}.Release|Any CPU.ActiveCfg = Release|Any CPU
		{FFE1CC15-A964-420E-8138-AA6D5DA55DCD}.Release|Any CPU.Build.0 = Release|Any CPU
		{CBB50486-656E-4506-93F2-4F1B45D29FDD}.Debug|Any CPU.ActiveCfg = Debug|Any CPU
		{CBB50486-656E-4506-93F2-4F1B45D29FDD}.Debug|Any CPU.Build.0 = Debug|Any CPU
		{CBB50486-656E-4506-93F2-4F1B45D29FDD}.Release|Any CPU.ActiveCfg = Release|Any CPU
		{CBB50486-656E-4506-93F2-4F1B45D29FDD}.Release|Any CPU.Build.0 = Release|Any CPU
		{D4663E61-DAAF-44CA-BC4B-2DB06D6BDDBF}.Debug|Any CPU.ActiveCfg = Debug|Any CPU
		{D4663E61-DAAF-44CA-BC4B-2DB06D6BDDBF}.Debug|Any CPU.Build.0 = Debug|Any CPU
		{D4663E61-DAAF-44CA-BC4B-2DB06D6BDDBF}.Release|Any CPU.ActiveCfg = Release|Any CPU
		{D4663E61-DAAF-44CA-BC4B-2DB06D6BDDBF}.Release|Any CPU.Build.0 = Release|Any CPU
	EndGlobalSection
	GlobalSection(NestedProjects) = preSolution
		{FFE1CC15-A964-420E-8138-AA6D5DA55DCD} = {41EE37DE-77BB-4DF6-89F7-DB6F7632C305}
		{CBB50486-656E-4506-93F2-4F1B45D29FDD} = {41EE37DE-77BB-4DF6-89F7-DB6F7632C305}
		{D4663E61-DAAF-44CA-BC4B-2DB06D6BDDBF} = {41EE37DE-77BB-4DF6-89F7-DB6F7632C305}
	EndGlobalSection
EndGlobal
